// !$*UTF8*$!
{
	archiveVersion = 1;
	classes = {
	};
	objectVersion = 48;
	objects = {

/* Begin PBXBuildFile section */
		9DC2F9BD20257D3C000B29D2 /* AppDelegate.swift in Sources */ = {isa = PBXBuildFile; fileRef = 9DC2F9BC20257D3C000B29D2 /* AppDelegate.swift */; };
		9DC2F9BF20257D3C000B29D2 /* ViewController.swift in Sources */ = {isa = PBXBuildFile; fileRef = 9DC2F9BE20257D3C000B29D2 /* ViewController.swift */; };
		9DC2F9C220257D3C000B29D2 /* Main.storyboard in Resources */ = {isa = PBXBuildFile; fileRef = 9DC2F9C020257D3C000B29D2 /* Main.storyboard */; };
		9DC2F9C420257D3C000B29D2 /* Assets.xcassets in Resources */ = {isa = PBXBuildFile; fileRef = 9DC2F9C320257D3C000B29D2 /* Assets.xcassets */; };
		9DC2F9C720257D3C000B29D2 /* LaunchScreen.storyboard in Resources */ = {isa = PBXBuildFile; fileRef = 9DC2F9C520257D3C000B29D2 /* LaunchScreen.storyboard */; };
		9DC2F9D220257D3C000B29D2 /* simplecalc_iosTests.swift in Sources */ = {isa = PBXBuildFile; fileRef = 9DC2F9D120257D3C000B29D2 /* simplecalc_iosTests.swift */; };
		9DC2F9DD20257D3C000B29D2 /* simplecalc_iosUITests.swift in Sources */ = {isa = PBXBuildFile; fileRef = 9DC2F9DC20257D3C000B29D2 /* simplecalc_iosUITests.swift */; };
		9DC2F9EB20257FE9000B29D2 /* RoundButton.swift in Sources */ = {isa = PBXBuildFile; fileRef = 9DC2F9EA20257FE9000B29D2 /* RoundButton.swift */; };
/* End PBXBuildFile section */

/* Begin PBXContainerItemProxy section */
		9DC2F9CE20257D3C000B29D2 /* PBXContainerItemProxy */ = {
			isa = PBXContainerItemProxy;
			containerPortal = 9DC2F9B120257D3C000B29D2 /* Project object */;
			proxyType = 1;
			remoteGlobalIDString = 9DC2F9B820257D3C000B29D2;
			remoteInfo = "simplecalc-ios";
		};
		9DC2F9D920257D3C000B29D2 /* PBXContainerItemProxy */ = {
			isa = PBXContainerItemProxy;
			containerPortal = 9DC2F9B120257D3C000B29D2 /* Project object */;
			proxyType = 1;
			remoteGlobalIDString = 9DC2F9B820257D3C000B29D2;
			remoteInfo = "simplecalc-ios";
		};
/* End PBXContainerItemProxy section */

/* Begin PBXFileReference section */
		9DC2F9B920257D3C000B29D2 /* simplecalc-ios.app */ = {isa = PBXFileReference; explicitFileType = wrapper.application; includeInIndex = 0; path = "simplecalc-ios.app"; sourceTree = BUILT_PRODUCTS_DIR; };
		9DC2F9BC20257D3C000B29D2 /* AppDelegate.swift */ = {isa = PBXFileReference; lastKnownFileType = sourcecode.swift; path = AppDelegate.swift; sourceTree = "<group>"; };
		9DC2F9BE20257D3C000B29D2 /* ViewController.swift */ = {isa = PBXFileReference; lastKnownFileType = sourcecode.swift; path = ViewController.swift; sourceTree = "<group>"; };
		9DC2F9C120257D3C000B29D2 /* Base */ = {isa = PBXFileReference; lastKnownFileType = file.storyboard; name = Base; path = Base.lproj/Main.storyboard; sourceTree = "<group>"; };
		9DC2F9C320257D3C000B29D2 /* Assets.xcassets */ = {isa = PBXFileReference; lastKnownFileType = folder.assetcatalog; path = Assets.xcassets; sourceTree = "<group>"; };
		9DC2F9C620257D3C000B29D2 /* Base */ = {isa = PBXFileReference; lastKnownFileType = file.storyboard; name = Base; path = Base.lproj/LaunchScreen.storyboard; sourceTree = "<group>"; };
		9DC2F9C820257D3C000B29D2 /* Info.plist */ = {isa = PBXFileReference; lastKnownFileType = text.plist.xml; path = Info.plist; sourceTree = "<group>"; };
		9DC2F9CD20257D3C000B29D2 /* simplecalc-iosTests.xctest */ = {isa = PBXFileReference; explicitFileType = wrapper.cfbundle; includeInIndex = 0; path = "simplecalc-iosTests.xctest"; sourceTree = BUILT_PRODUCTS_DIR; };
		9DC2F9D120257D3C000B29D2 /* simplecalc_iosTests.swift */ = {isa = PBXFileReference; lastKnownFileType = sourcecode.swift; path = simplecalc_iosTests.swift; sourceTree = "<group>"; };
		9DC2F9D320257D3C000B29D2 /* Info.plist */ = {isa = PBXFileReference; lastKnownFileType = text.plist.xml; path = Info.plist; sourceTree = "<group>"; };
		9DC2F9D820257D3C000B29D2 /* simplecalc-iosUITests.xctest */ = {isa = PBXFileReference; explicitFileType = wrapper.cfbundle; includeInIndex = 0; path = "simplecalc-iosUITests.xctest"; sourceTree = BUILT_PRODUCTS_DIR; };
		9DC2F9DC20257D3C000B29D2 /* simplecalc_iosUITests.swift */ = {isa = PBXFileReference; lastKnownFileType = sourcecode.swift; path = simplecalc_iosUITests.swift; sourceTree = "<group>"; };
		9DC2F9DE20257D3C000B29D2 /* Info.plist */ = {isa = PBXFileReference; lastKnownFileType = text.plist.xml; path = Info.plist; sourceTree = "<group>"; };
		9DC2F9EA20257FE9000B29D2 /* RoundButton.swift */ = {isa = PBXFileReference; lastKnownFileType = sourcecode.swift; path = RoundButton.swift; sourceTree = "<group>"; };
/* End PBXFileReference section */

/* Begin PBXFrameworksBuildPhase section */
		9DC2F9B620257D3C000B29D2 /* Frameworks */ = {
			isa = PBXFrameworksBuildPhase;
			buildActionMask = 2147483647;
			files = (
			);
			runOnlyForDeploymentPostprocessing = 0;
		};
		9DC2F9CA20257D3C000B29D2 /* Frameworks */ = {
			isa = PBXFrameworksBuildPhase;
			buildActionMask = 2147483647;
			files = (
			);
			runOnlyForDeploymentPostprocessing = 0;
		};
		9DC2F9D520257D3C000B29D2 /* Frameworks */ = {
			isa = PBXFrameworksBuildPhase;
			buildActionMask = 2147483647;
			files = (
			);
			runOnlyForDeploymentPostprocessing = 0;
		};
/* End PBXFrameworksBuildPhase section */

/* Begin PBXGroup section */
		9DC2F9B020257D3C000B29D2 = {
			isa = PBXGroup;
			children = (
				9DC2F9BB20257D3C000B29D2 /* simplecalc-ios */,
				9DC2F9D020257D3C000B29D2 /* simplecalc-iosTests */,
				9DC2F9DB20257D3C000B29D2 /* simplecalc-iosUITests */,
				9DC2F9BA20257D3C000B29D2 /* Products */,
			);
			sourceTree = "<group>";
		};
		9DC2F9BA20257D3C000B29D2 /* Products */ = {
			isa = PBXGroup;
			children = (
				9DC2F9B920257D3C000B29D2 /* simplecalc-ios.app */,
				9DC2F9CD20257D3C000B29D2 /* simplecalc-iosTests.xctest */,
				9DC2F9D820257D3C000B29D2 /* simplecalc-iosUITests.xctest */,
			);
			name = Products;
			sourceTree = "<group>";
		};
		9DC2F9BB20257D3C000B29D2 /* simplecalc-ios */ = {
			isa = PBXGroup;
			children = (
				9DC2F9BC20257D3C000B29D2 /* AppDelegate.swift */,
				9DC2F9BE20257D3C000B29D2 /* ViewController.swift */,
				9DC2F9C020257D3C000B29D2 /* Main.storyboard */,
				9DC2F9C320257D3C000B29D2 /* Assets.xcassets */,
				9DC2F9C520257D3C000B29D2 /* LaunchScreen.storyboard */,
				9DC2F9C820257D3C000B29D2 /* Info.plist */,
				9DC2F9EA20257FE9000B29D2 /* RoundButton.swift */,
			);
			path = "simplecalc-ios";
			sourceTree = "<group>";
		};
		9DC2F9D020257D3C000B29D2 /* simplecalc-iosTests */ = {
			isa = PBXGroup;
			children = (
				9DC2F9D120257D3C000B29D2 /* simplecalc_iosTests.swift */,
				9DC2F9D320257D3C000B29D2 /* Info.plist */,
			);
			path = "simplecalc-iosTests";
			sourceTree = "<group>";
		};
		9DC2F9DB20257D3C000B29D2 /* simplecalc-iosUITests */ = {
			isa = PBXGroup;
			children = (
				9DC2F9DC20257D3C000B29D2 /* simplecalc_iosUITests.swift */,
				9DC2F9DE20257D3C000B29D2 /* Info.plist */,
			);
			path = "simplecalc-iosUITests";
			sourceTree = "<group>";
		};
/* End PBXGroup section */

/* Begin PBXNativeTarget section */
		9DC2F9B820257D3C000B29D2 /* simplecalc-ios */ = {
			isa = PBXNativeTarget;
			buildConfigurationList = 9DC2F9E120257D3C000B29D2 /* Build configuration list for PBXNativeTarget "simplecalc-ios" */;
			buildPhases = (
				9DC2F9B520257D3C000B29D2 /* Sources */,
				9DC2F9B620257D3C000B29D2 /* Frameworks */,
				9DC2F9B720257D3C000B29D2 /* Resources */,
			);
			buildRules = (
			);
			dependencies = (
			);
			name = "simplecalc-ios";
			productName = "simplecalc-ios";
			productReference = 9DC2F9B920257D3C000B29D2 /* simplecalc-ios.app */;
			productType = "com.apple.product-type.application";
		};
		9DC2F9CC20257D3C000B29D2 /* simplecalc-iosTests */ = {
			isa = PBXNativeTarget;
			buildConfigurationList = 9DC2F9E420257D3C000B29D2 /* Build configuration list for PBXNativeTarget "simplecalc-iosTests" */;
			buildPhases = (
				9DC2F9C920257D3C000B29D2 /* Sources */,
				9DC2F9CA20257D3C000B29D2 /* Frameworks */,
				9DC2F9CB20257D3C000B29D2 /* Resources */,
			);
			buildRules = (
			);
			dependencies = (
				9DC2F9CF20257D3C000B29D2 /* PBXTargetDependency */,
			);
			name = "simplecalc-iosTests";
			productName = "simplecalc-iosTests";
			productReference = 9DC2F9CD20257D3C000B29D2 /* simplecalc-iosTests.xctest */;
			productType = "com.apple.product-type.bundle.unit-test";
		};
		9DC2F9D720257D3C000B29D2 /* simplecalc-iosUITests */ = {
			isa = PBXNativeTarget;
			buildConfigurationList = 9DC2F9E720257D3C000B29D2 /* Build configuration list for PBXNativeTarget "simplecalc-iosUITests" */;
			buildPhases = (
				9DC2F9D420257D3C000B29D2 /* Sources */,
				9DC2F9D520257D3C000B29D2 /* Frameworks */,
				9DC2F9D620257D3C000B29D2 /* Resources */,
			);
			buildRules = (
			);
			dependencies = (
				9DC2F9DA20257D3C000B29D2 /* PBXTargetDependency */,
			);
			name = "simplecalc-iosUITests";
			productName = "simplecalc-iosUITests";
			productReference = 9DC2F9D820257D3C000B29D2 /* simplecalc-iosUITests.xctest */;
			productType = "com.apple.product-type.bundle.ui-testing";
		};
/* End PBXNativeTarget section */

/* Begin PBXProject section */
		9DC2F9B120257D3C000B29D2 /* Project object */ = {
			isa = PBXProject;
			attributes = {
				LastSwiftUpdateCheck = 0920;
				LastUpgradeCheck = 0920;
				ORGANIZATIONNAME = "Connor Hawthorne";
				TargetAttributes = {
					9DC2F9B820257D3C000B29D2 = {
						CreatedOnToolsVersion = 9.2;
						ProvisioningStyle = Automatic;
					};
					9DC2F9CC20257D3C000B29D2 = {
						CreatedOnToolsVersion = 9.2;
						ProvisioningStyle = Automatic;
						TestTargetID = 9DC2F9B820257D3C000B29D2;
					};
					9DC2F9D720257D3C000B29D2 = {
						CreatedOnToolsVersion = 9.2;
						ProvisioningStyle = Automatic;
						TestTargetID = 9DC2F9B820257D3C000B29D2;
					};
				};
			};
			buildConfigurationList = 9DC2F9B420257D3C000B29D2 /* Build configuration list for PBXProject "simplecalc-ios" */;
			compatibilityVersion = "Xcode 8.0";
			developmentRegion = en;
			hasScannedForEncodings = 0;
			knownRegions = (
				en,
				Base,
			);
			mainGroup = 9DC2F9B020257D3C000B29D2;
			productRefGroup = 9DC2F9BA20257D3C000B29D2 /* Products */;
			projectDirPath = "";
			projectRoot = "";
			targets = (
				9DC2F9B820257D3C000B29D2 /* simplecalc-ios */,
				9DC2F9CC20257D3C000B29D2 /* simplecalc-iosTests */,
				9DC2F9D720257D3C000B29D2 /* simplecalc-iosUITests */,
			);
		};
/* End PBXProject section */

/* Begin PBXResourcesBuildPhase section */
		9DC2F9B720257D3C000B29D2 /* Resources */ = {
			isa = PBXResourcesBuildPhase;
			buildActionMask = 2147483647;
			files = (
				9DC2F9C720257D3C000B29D2 /* LaunchScreen.storyboard in Resources */,
				9DC2F9C420257D3C000B29D2 /* Assets.xcassets in Resources */,
				9DC2F9C220257D3C000B29D2 /* Main.storyboard in Resources */,
			);
			runOnlyForDeploymentPostprocessing = 0;
		};
		9DC2F9CB20257D3C000B29D2 /* Resources */ = {
			isa = PBXResourcesBuildPhase;
			buildActionMask = 2147483647;
			files = (
			);
			runOnlyForDeploymentPostprocessing = 0;
		};
		9DC2F9D620257D3C000B29D2 /* Resources */ = {
			isa = PBXResourcesBuildPhase;
			buildActionMask = 2147483647;
			files = (
			);
			runOnlyForDeploymentPostprocessing = 0;
		};
/* End PBXResourcesBuildPhase section */

/* Begin PBXSourcesBuildPhase section */
		9DC2F9B520257D3C000B29D2 /* Sources */ = {
			isa = PBXSourcesBuildPhase;
			buildActionMask = 2147483647;
			files = (
				9DC2F9EB20257FE9000B29D2 /* RoundButton.swift in Sources */,
				9DC2F9BF20257D3C000B29D2 /* ViewController.swift in Sources */,
				9DC2F9BD20257D3C000B29D2 /* AppDelegate.swift in Sources */,
			);
			runOnlyForDeploymentPostprocessing = 0;
		};
		9DC2F9C920257D3C000B29D2 /* Sources */ = {
			isa = PBXSourcesBuildPhase;
			buildActionMask = 2147483647;
			files = (
				9DC2F9D220257D3C000B29D2 /* simplecalc_iosTests.swift in Sources */,
			);
			runOnlyForDeploymentPostprocessing = 0;
		};
		9DC2F9D420257D3C000B29D2 /* Sources */ = {
			isa = PBXSourcesBuildPhase;
			buildActionMask = 2147483647;
			files = (
				9DC2F9DD20257D3C000B29D2 /* simplecalc_iosUITests.swift in Sources */,
			);
			runOnlyForDeploymentPostprocessing = 0;
		};
/* End PBXSourcesBuildPhase section */

/* Begin PBXTargetDependency section */
		9DC2F9CF20257D3C000B29D2 /* PBXTargetDependency */ = {
			isa = PBXTargetDependency;
			target = 9DC2F9B820257D3C000B29D2 /* simplecalc-ios */;
			targetProxy = 9DC2F9CE20257D3C000B29D2 /* PBXContainerItemProxy */;
		};
		9DC2F9DA20257D3C000B29D2 /* PBXTargetDependency */ = {
			isa = PBXTargetDependency;
			target = 9DC2F9B820257D3C000B29D2 /* simplecalc-ios */;
			targetProxy = 9DC2F9D920257D3C000B29D2 /* PBXContainerItemProxy */;
		};
/* End PBXTargetDependency section */

/* Begin PBXVariantGroup section */
		9DC2F9C020257D3C000B29D2 /* Main.storyboard */ = {
			isa = PBXVariantGroup;
			children = (
				9DC2F9C120257D3C000B29D2 /* Base */,
			);
			name = Main.storyboard;
			sourceTree = "<group>";
		};
		9DC2F9C520257D3C000B29D2 /* LaunchScreen.storyboard */ = {
			isa = PBXVariantGroup;
			children = (
				9DC2F9C620257D3C000B29D2 /* Base */,
			);
			name = LaunchScreen.storyboard;
			sourceTree = "<group>";
		};
/* End PBXVariantGroup section */

/* Begin XCBuildConfiguration section */
		9DC2F9DF20257D3C000B29D2 /* Debug */ = {
			isa = XCBuildConfiguration;
			buildSettings = {
				ALWAYS_SEARCH_USER_PATHS = NO;
				CLANG_ANALYZER_NONNULL = YES;
				CLANG_ANALYZER_NUMBER_OBJECT_CONVERSION = YES_AGGRESSIVE;
				CLANG_CXX_LANGUAGE_STANDARD = "gnu++14";
				CLANG_CXX_LIBRARY = "libc++";
				CLANG_ENABLE_MODULES = YES;
				CLANG_ENABLE_OBJC_ARC = YES;
				CLANG_WARN_BLOCK_CAPTURE_AUTORELEASING = YES;
				CLANG_WARN_BOOL_CONVERSION = YES;
				CLANG_WARN_COMMA = YES;
				CLANG_WARN_CONSTANT_CONVERSION = YES;
				CLANG_WARN_DIRECT_OBJC_ISA_USAGE = YES_ERROR;
				CLANG_WARN_DOCUMENTATION_COMMENTS = YES;
				CLANG_WARN_EMPTY_BODY = YES;
				CLANG_WARN_ENUM_CONVERSION = YES;
				CLANG_WARN_INFINITE_RECURSION = YES;
				CLANG_WARN_INT_CONVERSION = YES;
				CLANG_WARN_NON_LITERAL_NULL_CONVERSION = YES;
				CLANG_WARN_OBJC_LITERAL_CONVERSION = YES;
				CLANG_WARN_OBJC_ROOT_CLASS = YES_ERROR;
				CLANG_WARN_RANGE_LOOP_ANALYSIS = YES;
				CLANG_WARN_STRICT_PROTOTYPES = YES;
				CLANG_WARN_SUSPICIOUS_MOVE = YES;
				CLANG_WARN_UNGUARDED_AVAILABILITY = YES_AGGRESSIVE;
				CLANG_WARN_UNREACHABLE_CODE = YES;
				CLANG_WARN__DUPLICATE_METHOD_MATCH = YES;
				CODE_SIGN_IDENTITY = "iPhone Developer";
				COPY_PHASE_STRIP = NO;
				DEBUG_INFORMATION_FORMAT = dwarf;
				ENABLE_STRICT_OBJC_MSGSEND = YES;
				ENABLE_TESTABILITY = YES;
				GCC_C_LANGUAGE_STANDARD = gnu11;
				GCC_DYNAMIC_NO_PIC = NO;
				GCC_NO_COMMON_BLOCKS = YES;
				GCC_OPTIMIZATION_LEVEL = 0;
				GCC_PREPROCESSOR_DEFINITIONS = (
					"DEBUG=1",
					"$(inherited)",
				);
				GCC_WARN_64_TO_32_BIT_CONVERSION = YES;
				GCC_WARN_ABOUT_RETURN_TYPE = YES_ERROR;
				GCC_WARN_UNDECLARED_SELECTOR = YES;
				GCC_WARN_UNINITIALIZED_AUTOS = YES_AGGRESSIVE;
				GCC_WARN_UNUSED_FUNCTION = YES;
				GCC_WARN_UNUSED_VARIABLE = YES;
				IPHONEOS_DEPLOYMENT_TARGET = 11.2;
				MTL_ENABLE_DEBUG_INFO = YES;
				ONLY_ACTIVE_ARCH = YES;
				SDKROOT = iphoneos;
				SWIFT_ACTIVE_COMPILATION_CONDITIONS = DEBUG;
				SWIFT_OPTIMIZATION_LEVEL = "-Onone";
			};
			name = Debug;
		};
		9DC2F9E020257D3C000B29D2 /* Release */ = {
			isa = XCBuildConfiguration;
			buildSettings = {
				ALWAYS_SEARCH_USER_PATHS = NO;
				CLANG_ANALYZER_NONNULL = YES;
				CLANG_ANALYZER_NUMBER_OBJECT_CONVERSION = YES_AGGRESSIVE;
				CLANG_CXX_LANGUAGE_STANDARD = "gnu++14";
				CLANG_CXX_LIBRARY = "libc++";
				CLANG_ENABLE_MODULES = YES;
				CLANG_ENABLE_OBJC_ARC = YES;
				CLANG_WARN_BLOCK_CAPTURE_AUTORELEASING = YES;
				CLANG_WARN_BOOL_CONVERSION = YES;
				CLANG_WARN_COMMA = YES;
				CLANG_WARN_CONSTANT_CONVERSION = YES;
				CLANG_WARN_DIRECT_OBJC_ISA_USAGE = YES_ERROR;
				CLANG_WARN_DOCUMENTATION_COMMENTS = YES;
				CLANG_WARN_EMPTY_BODY = YES;
				CLANG_WARN_ENUM_CONVERSION = YES;
				CLANG_WARN_INFINITE_RECURSION = YES;
				CLANG_WARN_INT_CONVERSION = YES;
				CLANG_WARN_NON_LITERAL_NULL_CONVERSION = YES;
				CLANG_WARN_OBJC_LITERAL_CONVERSION = YES;
				CLANG_WARN_OBJC_ROOT_CLASS = YES_ERROR;
				CLANG_WARN_RANGE_LOOP_ANALYSIS = YES;
				CLANG_WARN_STRICT_PROTOTYPES = YES;
				CLANG_WARN_SUSPICIOUS_MOVE = YES;
				CLANG_WARN_UNGUARDED_AVAILABILITY = YES_AGGRESSIVE;
				CLANG_WARN_UNREACHABLE_CODE = YES;
				CLANG_WARN__DUPLICATE_METHOD_MATCH = YES;
				CODE_SIGN_IDENTITY = "iPhone Developer";
				COPY_PHASE_STRIP = NO;
				DEBUG_INFORMATION_FORMAT = "dwarf-with-dsym";
				ENABLE_NS_ASSERTIONS = NO;
				ENABLE_STRICT_OBJC_MSGSEND = YES;
				GCC_C_LANGUAGE_STANDARD = gnu11;
				GCC_NO_COMMON_BLOCKS = YES;
				GCC_WARN_64_TO_32_BIT_CONVERSION = YES;
				GCC_WARN_ABOUT_RETURN_TYPE = YES_ERROR;
				GCC_WARN_UNDECLARED_SELECTOR = YES;
				GCC_WARN_UNINITIALIZED_AUTOS = YES_AGGRESSIVE;
				GCC_WARN_UNUSED_FUNCTION = YES;
				GCC_WARN_UNUSED_VARIABLE = YES;
				IPHONEOS_DEPLOYMENT_TARGET = 11.2;
				MTL_ENABLE_DEBUG_INFO = NO;
				SDKROOT = iphoneos;
				SWIFT_OPTIMIZATION_LEVEL = "-Owholemodule";
				VALIDATE_PRODUCT = YES;
			};
			name = Release;
		};
		9DC2F9E220257D3C000B29D2 /* Debug */ = {
			isa = XCBuildConfiguration;
			buildSettings = {
				ASSETCATALOG_COMPILER_APPICON_NAME = AppIcon;
				CODE_SIGN_STYLE = Automatic;
				DEVELOPMENT_TEAM = 58J46S6GJB;
				INFOPLIST_FILE = "simplecalc-ios/Info.plist";
				LD_RUNPATH_SEARCH_PATHS = "$(inherited) @executable_path/Frameworks";
				PRODUCT_BUNDLE_IDENTIFIER = "io.github.con4man.simplecalc-ios";
				PRODUCT_NAME = "$(TARGET_NAME)";
				SWIFT_VERSION = 4.0;
				TARGETED_DEVICE_FAMILY = "1,2";
			};
			name = Debug;
		};
		9DC2F9E320257D3C000B29D2 /* Release */ = {
			isa = XCBuildConfiguration;
			buildSettings = {
				ASSETCATALOG_COMPILER_APPICON_NAME = AppIcon;
				CODE_SIGN_STYLE = Automatic;
				DEVELOPMENT_TEAM = 58J46S6GJB;
				INFOPLIST_FILE = "simplecalc-ios/Info.plist";
				LD_RUNPATH_SEARCH_PATHS = "$(inherited) @executable_path/Frameworks";
				PRODUCT_BUNDLE_IDENTIFIER = "io.github.con4man.simplecalc-ios";
				PRODUCT_NAME = "$(TARGET_NAME)";
				SWIFT_VERSION = 4.0;
				TARGETED_DEVICE_FAMILY = "1,2";
			};
			name = Release;
		};
		9DC2F9E520257D3C000B29D2 /* Debug */ = {
			isa = XCBuildConfiguration;
			buildSettings = {
				ALWAYS_EMBED_SWIFT_STANDARD_LIBRARIES = YES;
				BUNDLE_LOADER = "$(TEST_HOST)";
				CODE_SIGN_STYLE = Automatic;
				DEVELOPMENT_TEAM = 58J46S6GJB;
				INFOPLIST_FILE = "simplecalc-iosTests/Info.plist";
				LD_RUNPATH_SEARCH_PATHS = "$(inherited) @executable_path/Frameworks @loader_path/Frameworks";
				PRODUCT_BUNDLE_IDENTIFIER = "io.github.con4man.simplecalc-iosTests";
				PRODUCT_NAME = "$(TARGET_NAME)";
				SWIFT_VERSION = 4.0;
				TARGETED_DEVICE_FAMILY = "1,2";
				TEST_HOST = "$(BUILT_PRODUCTS_DIR)/simplecalc-ios.app/simplecalc-ios";
			};
			name = Debug;
		};
		9DC2F9E620257D3C000B29D2 /* Release */ = {
			isa = XCBuildConfiguration;
			buildSettings = {
				ALWAYS_EMBED_SWIFT_STANDARD_LIBRARIES = YES;
				BUNDLE_LOADER = "$(TEST_HOST)";
				CODE_SIGN_STYLE = Automatic;
				DEVELOPMENT_TEAM = 58J46S6GJB;
				INFOPLIST_FILE = "simplecalc-iosTests/Info.plist";
				LD_RUNPATH_SEARCH_PATHS = "$(inherited) @executable_path/Frameworks @loader_path/Frameworks";
				PRODUCT_BUNDLE_IDENTIFIER = "io.github.con4man.simplecalc-iosTests";
				PRODUCT_NAME = "$(TARGET_NAME)";
				SWIFT_VERSION = 4.0;
				TARGETED_DEVICE_FAMILY = "1,2";
				TEST_HOST = "$(BUILT_PRODUCTS_DIR)/simplecalc-ios.app/simplecalc-ios";
			};
			name = Release;
		};
		9DC2F9E820257D3C000B29D2 /* Debug */ = {
			isa = XCBuildConfiguration;
			buildSettings = {
				ALWAYS_EMBED_SWIFT_STANDARD_LIBRARIES = YES;
				CODE_SIGN_STYLE = Automatic;
				DEVELOPMENT_TEAM = 58J46S6GJB;
				INFOPLIST_FILE = "simplecalc-iosUITests/Info.plist";
				LD_RUNPATH_SEARCH_PATHS = "$(inherited) @executable_path/Frameworks @loader_path/Frameworks";
				PRODUCT_BUNDLE_IDENTIFIER = "io.github.con4man.simplecalc-iosUITests";
				PRODUCT_NAME = "$(TARGET_NAME)";
				SWIFT_VERSION = 4.0;
				TARGETED_DEVICE_FAMILY = "1,2";
				TEST_TARGET_NAME = "simplecalc-ios";
			};
			name = Debug;
		};
		9DC2F9E920257D3C000B29D2 /* Release */ = {
			isa = XCBuildConfiguration;
			buildSettings = {
				ALWAYS_EMBED_SWIFT_STANDARD_LIBRARIES = YES;
				CODE_SIGN_STYLE = Automatic;
				DEVELOPMENT_TEAM = 58J46S6GJB;
				INFOPLIST_FILE = "simplecalc-iosUITests/Info.plist";
				LD_RUNPATH_SEARCH_PATHS = "$(inherited) @executable_path/Frameworks @loader_path/Frameworks";
				PRODUCT_BUNDLE_IDENTIFIER = "io.github.con4man.simplecalc-iosUITests";
				PRODUCT_NAME = "$(TARGET_NAME)";
				SWIFT_VERSION = 4.0;
				TARGETED_DEVICE_FAMILY = "1,2";
				TEST_TARGET_NAME = "simplecalc-ios";
			};
			name = Release;
		};
/* End XCBuildConfiguration section */

/* Begin XCConfigurationList section */
		9DC2F9B420257D3C000B29D2 /* Build configuration list for PBXProject "simplecalc-ios" */ = {
			isa = XCConfigurationList;
			buildConfigurations = (
				9DC2F9DF20257D3C000B29D2 /* Debug */,
				9DC2F9E020257D3C000B29D2 /* Release */,
			);
			defaultConfigurationIsVisible = 0;
			defaultConfigurationName = Release;
		};
		9DC2F9E120257D3C000B29D2 /* Build configuration list for PBXNativeTarget "simplecalc-ios" */ = {
			isa = XCConfigurationList;
			buildConfigurations = (
				9DC2F9E220257D3C000B29D2 /* Debug */,
				9DC2F9E320257D3C000B29D2 /* Release */,
			);
			defaultConfigurationIsVisible = 0;
			defaultConfigurationName = Release;
		};
		9DC2F9E420257D3C000B29D2 /* Build configuration list for PBXNativeTarget "simplecalc-iosTests" */ = {
			isa = XCConfigurationList;
			buildConfigurations = (
				9DC2F9E520257D3C000B29D2 /* Debug */,
				9DC2F9E620257D3C000B29D2 /* Release */,
			);
			defaultConfigurationIsVisible = 0;
			defaultConfigurationName = Release;
		};
		9DC2F9E720257D3C000B29D2 /* Build configuration list for PBXNativeTarget "simplecalc-iosUITests" */ = {
			isa = XCConfigurationList;
			buildConfigurations = (
				9DC2F9E820257D3C000B29D2 /* Debug */,
				9DC2F9E920257D3C000B29D2 /* Release */,
			);
			defaultConfigurationIsVisible = 0;
			defaultConfigurationName = Release;
		};
/* End XCConfigurationList section */
	};
	rootObject = 9DC2F9B120257D3C000B29D2 /* Project object */;
}
